
Microsoft Visual Studio Solution File, Format Version 12.00
# Visual Studio 14
VisualStudioVersion = 14.0.25420.1
MinimumVisualStudioVersion = 10.0.40219.1
Project("{FAE04EC0-301F-11D3-BF4B-00C04F79EFBC}") = "ContosoUniversity", "ContosoUniversity\ContosoUniversity.csproj", "{F223E3A7-6D77-4851-A9AC-BC62E30EED4B}"
EndProject
Project("{FAE04EC0-301F-11D3-BF4B-00C04F79EFBC}") = "Contoso.Core", "Contoso.Core\Contoso.Core.csproj", "{F7BA7EEC-6F53-46B6-8EBA-BCDEC530F784}"
EndProject
Project("{FAE04EC0-301F-11D3-BF4B-00C04F79EFBC}") = "Contoso.Data", "Contoso.Data\Contoso.Data.csproj", "{A65C3F5D-F67E-4307-9231-82EC10E57612}"
EndProject
Project("{FAE04EC0-301F-11D3-BF4B-00C04F79EFBC}") = "Contoso.Service", "Contoso.Service\Contoso.Service.csproj", "{22D250B6-90A8-46A5-83F7-7A142B021227}"
EndProject
Global
	GlobalSection(SolutionConfigurationPlatforms) = preSolution
		Debug|Any CPU = Debug|Any CPU
		Release|Any CPU = Release|Any CPU
	EndGlobalSection
	GlobalSection(ProjectConfigurationPlatforms) = postSolution
		{F223E3A7-6D77-4851-A9AC-BC62E30EED4B}.Debug|Any CPU.ActiveCfg = Debug|Any CPU
		{F223E3A7-6D77-4851-A9AC-BC62E30EED4B}.Debug|Any CPU.Build.0 = Debug|Any CPU
		{F223E3A7-6D77-4851-A9AC-BC62E30EED4B}.Release|Any CPU.ActiveCfg = Release|Any CPU
		{F223E3A7-6D77-4851-A9AC-BC62E30EED4B}.Release|Any CPU.Build.0 = Release|Any CPU
		{F7BA7EEC-6F53-46B6-8EBA-BCDEC530F784}.Debug|Any CPU.ActiveCfg = Debug|Any CPU
		{F7BA7EEC-6F53-46B6-8EBA-BCDEC530F784}.Debug|Any CPU.Build.0 = Debug|Any CPU
		{F7BA7EEC-6F53-46B6-8EBA-BCDEC530F784}.Release|Any CPU.ActiveCfg = Release|Any CPU
		{F7BA7EEC-6F53-46B6-8EBA-BCDEC530F784}.Release|Any CPU.Build.0 = Release|Any CPU
		{A65C3F5D-F67E-4307-9231-82EC10E57612}.Debug|Any CPU.ActiveCfg = Debug|Any CPU
		{A65C3F5D-F67E-4307-9231-82EC10E57612}.Debug|Any CPU.Build.0 = Debug|Any CPU
		{A65C3F5D-F67E-4307-9231-82EC10E57612}.Release|Any CPU.ActiveCfg = Release|Any CPU
		{A65C3F5D-F67E-4307-9231-82EC10E57612}.Release|Any CPU.Build.0 = Release|Any CPU
		{22D250B6-90A8-46A5-83F7-7A142B021227}.Debug|Any CPU.ActiveCfg = Debug|Any CPU
		{22D250B6-90A8-46A5-83F7-7A142B021227}.Debug|Any CPU.Build.0 = Debug|Any CPU
		{22D250B6-90A8-46A5-83F7-7A142B021227}.Release|Any CPU.ActiveCfg = Release|Any CPU
		{22D250B6-90A8-46A5-83F7-7A142B021227}.Release|Any CPU.Build.0 = Release|Any CPU
	EndGlobalSection
	GlobalSection(SolutionProperties) = preSolution
		HideSolutionNode = FALSE
	EndGlobalSection
EndGlobal
